{
  "version": 4,
  "terraform_version": "1.3.7",
  "serial": 82,
  "lineage": "ac4c325d-8004-1b5f-c366-da2a5e8bcda2",
  "outputs": {
    "git_clone_url": {
      "value": "git://github.com/nasr4/thebestrepo.git",
      "type": "string",
      "sensitive": true
    }
  },
  "resources": [
    {
      "mode": "data",
      "type": "github_repository",
      "name": "repo_data",
      "provider": "provider[\"registry.terraform.io/integrations/github\"]",
      "instances": [
        {
          "schema_version": 0,
          "attributes": {
            "allow_auto_merge": false,
            "allow_merge_commit": true,
            "allow_rebase_merge": true,
            "allow_squash_merge": true,
            "archived": false,
            "default_branch": "main",
            "description": "An example of a repo being used as a data source in Terraform",
            "fork": false,
            "full_name": "nasr4/terraform_datasource_repo",
            "git_clone_url": "git://github.com/nasr4/terraform_datasource_repo.git",
            "has_discussions": false,
            "has_downloads": true,
            "has_issues": true,
            "has_projects": true,
            "has_wiki": true,
            "homepage_url": "",
            "html_url": "https://github.com/nasr4/terraform_datasource_repo",
            "http_clone_url": "https://github.com/nasr4/terraform_datasource_repo.git",
            "id": "terraform_datasource_repo",
            "is_template": false,
            "merge_commit_message": "PR_TITLE",
            "merge_commit_title": "MERGE_MESSAGE",
            "name": "terraform_datasource_repo",
            "node_id": "R_kgDOKTreIg",
            "pages": [],
            "primary_language": "",
            "private": false,
            "repo_id": 691723810,
            "squash_merge_commit_message": "COMMIT_MESSAGES",
            "squash_merge_commit_title": "COMMIT_OR_PR_TITLE",
            "ssh_clone_url": "git@github.com:nasr4/terraform_datasource_repo.git",
            "svn_url": "https://github.com/nasr4/terraform_datasource_repo",
            "template": [],
            "topics": [],
            "visibility": "public"
          },
          "sensitive_attributes": []
        }
      ]
    },
    {
      "mode": "managed",
      "type": "github_repository",
      "name": "repo",
      "provider": "provider[\"registry.terraform.io/integrations/github\"]",
      "instances": [
        {
          "schema_version": 1,
          "attributes": {
            "allow_auto_merge": false,
            "allow_merge_commit": true,
            "allow_rebase_merge": true,
            "allow_squash_merge": true,
            "allow_update_branch": false,
            "archive_on_destroy": null,
            "archived": false,
            "auto_init": null,
            "default_branch": "main",
            "delete_branch_on_merge": false,
            "description": "My awesome codebase",
            "etag": "W/\"ebcbdd73c496e83b99b6c30a485e7186a76d795590f4ffd54de1ffe1f319ffc8\"",
            "full_name": "nasr4/thebestrepo",
            "git_clone_url": "git://github.com/nasr4/thebestrepo.git",
            "gitignore_template": null,
            "has_discussions": false,
            "has_downloads": false,
            "has_issues": false,
            "has_projects": false,
            "has_wiki": false,
            "homepage_url": "",
            "html_url": "https://github.com/nasr4/thebestrepo",
            "http_clone_url": "https://github.com/nasr4/thebestrepo.git",
            "id": "thebestrepo",
            "ignore_vulnerability_alerts_during_read": null,
            "is_template": false,
            "license_template": null,
            "merge_commit_message": "PR_TITLE",
            "merge_commit_title": "MERGE_MESSAGE",
            "name": "thebestrepo",
            "node_id": "R_kgDOKWnz8g",
            "pages": [],
            "primary_language": "",
            "private": false,
            "repo_id": 694809586,
            "security_and_analysis": [
              {
                "advanced_security": [],
                "secret_scanning": [
                  {
                    "status": "disabled"
                  }
                ],
                "secret_scanning_push_protection": [
                  {
                    "status": "disabled"
                  }
                ]
              }
            ],
            "squash_merge_commit_message": "COMMIT_MESSAGES",
            "squash_merge_commit_title": "COMMIT_OR_PR_TITLE",
            "ssh_clone_url": "git@github.com:nasr4/thebestrepo.git",
            "svn_url": "https://github.com/nasr4/thebestrepo",
            "template": [],
            "topics": [],
            "visibility": "public",
            "vulnerability_alerts": false
          },
          "sensitive_attributes": [],
          "private": "eyJzY2hlbWFfdmVyc2lvbiI6IjEifQ=="
        }
      ]
    },
    {
      "mode": "managed",
      "type": "github_repository_file",
      "name": "file",
      "provider": "provider[\"registry.terraform.io/integrations/github\"]",
      "instances": [
        {
          "index_key": 0,
          "schema_version": 0,
          "attributes": {
            "branch": null,
            "commit_author": "Terraform User",
            "commit_email": "terraform@example.com",
            "commit_message": "Managed by Terraform",
            "commit_sha": "4f938acaa5e684cd3f3eb56c5d3ec616915783f5",
            "content": "Test contents",
            "file": "test",
            "id": "thebestrepo/test",
            "overwrite_on_create": false,
            "ref": "main",
            "repository": "thebestrepo",
            "sha": "47dd3f0134dff546cdc48fc45c576e2743136890"
          },
          "sensitive_attributes": [],
          "private": "bnVsbA==",
          "dependencies": [
            "github_repository.repo"
          ]
        }
      ]
    }
  ],
  "check_results": null
}
